// !$*UTF8*$!
{
	archiveVersion = 1;
	classes = {
	};
	objectVersion = 46;
	objects = {

/* Begin PBXBuildFile section */
		2701F40D1BB889C200845078 /* TeleprompterWindowDelegate.swift in Sources */ = {isa = PBXBuildFile; fileRef = 2701F40C1BB889C200845078 /* TeleprompterWindowDelegate.swift */; };
		2701F40E1BB88C9C00845078 /* TeleprompterWindowDelegate.swift in Sources */ = {isa = PBXBuildFile; fileRef = 2701F40C1BB889C200845078 /* TeleprompterWindowDelegate.swift */; };
		2701F40F1BB88C9D00845078 /* TeleprompterWindowDelegate.swift in Sources */ = {isa = PBXBuildFile; fileRef = 2701F40C1BB889C200845078 /* TeleprompterWindowDelegate.swift */; };
		272B76531B979D5900712AA5 /* AppDelegate.swift in Sources */ = {isa = PBXBuildFile; fileRef = 272B76521B979D5900712AA5 /* AppDelegate.swift */; };
		272B76551B979D5900712AA5 /* ViewController.swift in Sources */ = {isa = PBXBuildFile; fileRef = 272B76541B979D5900712AA5 /* ViewController.swift */; };
		272B76571B979D5900712AA5 /* Assets.xcassets in Resources */ = {isa = PBXBuildFile; fileRef = 272B76561B979D5900712AA5 /* Assets.xcassets */; };
		272B76651B979D5A00712AA5 /* DictaterTests.swift in Sources */ = {isa = PBXBuildFile; fileRef = 272B76641B979D5A00712AA5 /* DictaterTests.swift */; };
		272B76701B979D5A00712AA5 /* DictaterUITests.swift in Sources */ = {isa = PBXBuildFile; fileRef = 272B766F1B979D5A00712AA5 /* DictaterUITests.swift */; };
		272B76821B979D7100712AA5 /* NSView+backgroundColor.swift in Sources */ = {isa = PBXBuildFile; fileRef = 272B76811B979D7100712AA5 /* NSView+backgroundColor.swift */; };
		272B76831B979D7100712AA5 /* NSView+backgroundColor.swift in Sources */ = {isa = PBXBuildFile; fileRef = 272B76811B979D7100712AA5 /* NSView+backgroundColor.swift */; };
		272B76841B979D7100712AA5 /* NSView+backgroundColor.swift in Sources */ = {isa = PBXBuildFile; fileRef = 272B76811B979D7100712AA5 /* NSView+backgroundColor.swift */; };
		272B768B1B979DD400712AA5 /* DictaterWindow.swift in Sources */ = {isa = PBXBuildFile; fileRef = 272B768A1B979DD400712AA5 /* DictaterWindow.swift */; };
		272B768C1B979DD400712AA5 /* DictaterWindow.swift in Sources */ = {isa = PBXBuildFile; fileRef = 272B768A1B979DD400712AA5 /* DictaterWindow.swift */; };
		272B768D1B979DD400712AA5 /* DictaterWindow.swift in Sources */ = {isa = PBXBuildFile; fileRef = 272B768A1B979DD400712AA5 /* DictaterWindow.swift */; };
		272B76971B97AE3A00712AA5 /* Dictater.swift in Sources */ = {isa = PBXBuildFile; fileRef = 272B76961B97AE3A00712AA5 /* Dictater.swift */; };
		272B76981B97AE3A00712AA5 /* Dictater.swift in Sources */ = {isa = PBXBuildFile; fileRef = 272B76961B97AE3A00712AA5 /* Dictater.swift */; };
		272B76991B97AE3A00712AA5 /* Dictater.swift in Sources */ = {isa = PBXBuildFile; fileRef = 272B76961B97AE3A00712AA5 /* Dictater.swift */; };
		274039EC1B98FECA00D80E23 /* Application.swift in Sources */ = {isa = PBXBuildFile; fileRef = 274039EB1B98FECA00D80E23 /* Application.swift */; };
		274039EE1B99023F00D80E23 /* DictaterService.swift in Sources */ = {isa = PBXBuildFile; fileRef = 274039ED1B99023F00D80E23 /* DictaterService.swift */; };
		274039F01B9914A200D80E23 /* NSProgressIndicator+Animate.swift in Sources */ = {isa = PBXBuildFile; fileRef = 274039EF1B9914A200D80E23 /* NSProgressIndicator+Animate.swift */; };
		276CD7E11BA8DC01008566D2 /* TeleprompterTextView.swift in Sources */ = {isa = PBXBuildFile; fileRef = 276CD7E01BA8DC01008566D2 /* TeleprompterTextView.swift */; };
		2776B1141BA76AA70009D641 /* NSTextView.swift in Sources */ = {isa = PBXBuildFile; fileRef = 2776B1131BA76AA70009D641 /* NSTextView.swift */; };
		279379A51BACB8B700FFF21C /* Sparkle.framework in Frameworks */ = {isa = PBXBuildFile; fileRef = 279379A41BACB8B700FFF21C /* Sparkle.framework */; };
		279379A71BACB8DB00FFF21C /* Sparkle.framework in CopyFiles */ = {isa = PBXBuildFile; fileRef = 279379A41BACB8B700FFF21C /* Sparkle.framework */; settings = {ATTRIBUTES = (CodeSignOnCopy, RemoveHeadersOnCopy, ); }; };
		279379A91BACC1E100FFF21C /* dsa_pub.pem in Resources */ = {isa = PBXBuildFile; fileRef = 279379A81BACC1E100FFF21C /* dsa_pub.pem */; };
		2797D23F1B9A61BC0019D12D /* Main.storyboard in Resources */ = {isa = PBXBuildFile; fileRef = 2797D23E1B9A61BC0019D12D /* Main.storyboard */; };
		2797D2411B9CCA7C0019D12D /* usage.png in Resources */ = {isa = PBXBuildFile; fileRef = 2797D2401B9CCA7C0019D12D /* usage.png */; };
		2797D2431B9CD90A0019D12D /* Teleprompter.swift in Sources */ = {isa = PBXBuildFile; fileRef = 2797D2421B9CD90A0019D12D /* Teleprompter.swift */; };
		27A31CA11B9E0F0B003293C7 /* TeleprompterPreferencesController.swift in Sources */ = {isa = PBXBuildFile; fileRef = 27A31CA01B9E0F0B003293C7 /* TeleprompterPreferencesController.swift */; };
		27A7D47D1BB4C6B00026BCD5 /* NSSpeechSynthesizer.swift in Sources */ = {isa = PBXBuildFile; fileRef = 27E75A0B1BB4C17B00421CB2 /* NSSpeechSynthesizer.swift */; };
		27A7D47E1BB4C6B00026BCD5 /* NSSpeechSynthesizer.swift in Sources */ = {isa = PBXBuildFile; fileRef = 27E75A0B1BB4C17B00421CB2 /* NSSpeechSynthesizer.swift */; };
		27A7D47F1BB4C73B0026BCD5 /* NSTextView.swift in Sources */ = {isa = PBXBuildFile; fileRef = 2776B1131BA76AA70009D641 /* NSTextView.swift */; };
		27A7D4801BB4C73B0026BCD5 /* NSTextView.swift in Sources */ = {isa = PBXBuildFile; fileRef = 2776B1131BA76AA70009D641 /* NSTextView.swift */; };
		27A7D4811BB4C73E0026BCD5 /* NSFileManager.swift in Sources */ = {isa = PBXBuildFile; fileRef = 27E75A0D1BB4C53C00421CB2 /* NSFileManager.swift */; };
		27A7D4821BB4C73E0026BCD5 /* NSFileManager.swift in Sources */ = {isa = PBXBuildFile; fileRef = 27E75A0D1BB4C53C00421CB2 /* NSFileManager.swift */; };
		27A7D4831BB4C7430026BCD5 /* NSProgressIndicator+Animate.swift in Sources */ = {isa = PBXBuildFile; fileRef = 274039EF1B9914A200D80E23 /* NSProgressIndicator+Animate.swift */; };
		27A7D4841BB4C7430026BCD5 /* NSProgressIndicator+Animate.swift in Sources */ = {isa = PBXBuildFile; fileRef = 274039EF1B9914A200D80E23 /* NSProgressIndicator+Animate.swift */; };
		27B0D7FA1C56F21A005C037F /* NSProgressBar+Extensions.swift in Sources */ = {isa = PBXBuildFile; fileRef = 27B0D7F91C56F21A005C037F /* NSProgressBar+Extensions.swift */; };
		27BD0DBF1BA3897400D13D45 /* SpeechButtonManager.swift in Sources */ = {isa = PBXBuildFile; fileRef = 27BD0DBE1BA3897400D13D45 /* SpeechButtonManager.swift */; };
		27D3DA5F1BA63552001AC20B /* logo_small.png in Resources */ = {isa = PBXBuildFile; fileRef = 27D3DA5E1BA63552001AC20B /* logo_small.png */; };
		27D3DA601BA63552001AC20B /* logo_small.png in Resources */ = {isa = PBXBuildFile; fileRef = 27D3DA5E1BA63552001AC20B /* logo_small.png */; };
		27D3DA611BA63552001AC20B /* logo_small.png in Resources */ = {isa = PBXBuildFile; fileRef = 27D3DA5E1BA63552001AC20B /* logo_small.png */; };
		27E170271BA3AF41003FFBCA /* Credits.rtf in Resources */ = {isa = PBXBuildFile; fileRef = 27E170261BA3AF41003FFBCA /* Credits.rtf */; };
		27E75A0C1BB4C17B00421CB2 /* NSSpeechSynthesizer.swift in Sources */ = {isa = PBXBuildFile; fileRef = 27E75A0B1BB4C17B00421CB2 /* NSSpeechSynthesizer.swift */; };
		27E75A0E1BB4C53C00421CB2 /* NSFileManager.swift in Sources */ = {isa = PBXBuildFile; fileRef = 27E75A0D1BB4C53C00421CB2 /* NSFileManager.swift */; };
		27EDB7F71B9932CD00BE21BF /* FontAwesome.otf in Resources */ = {isa = PBXBuildFile; fileRef = 27EDB7F61B9932CD00BE21BF /* FontAwesome.otf */; };
		27EDB7F81B9932CD00BE21BF /* FontAwesome.otf in Resources */ = {isa = PBXBuildFile; fileRef = 27EDB7F61B9932CD00BE21BF /* FontAwesome.otf */; };
		27EDB7F91B9932CD00BE21BF /* FontAwesome.otf in Resources */ = {isa = PBXBuildFile; fileRef = 27EDB7F61B9932CD00BE21BF /* FontAwesome.otf */; };
		27EDB7FB1B9A148500BE21BF /* instructions.png in Resources */ = {isa = PBXBuildFile; fileRef = 27EDB7FA1B9A148500BE21BF /* instructions.png */; };
		27EDB7FC1B9A148500BE21BF /* instructions.png in Resources */ = {isa = PBXBuildFile; fileRef = 27EDB7FA1B9A148500BE21BF /* instructions.png */; };
		27EDB7FD1B9A148500BE21BF /* instructions.png in Resources */ = {isa = PBXBuildFile; fileRef = 27EDB7FA1B9A148500BE21BF /* instructions.png */; };
		27EDB7FF1B9A17BA00BE21BF /* EnableServiceController.swift in Sources */ = {isa = PBXBuildFile; fileRef = 27EDB7FE1B9A17BA00BE21BF /* EnableServiceController.swift */; };
		27EDB8001B9A17BA00BE21BF /* EnableServiceController.swift in Sources */ = {isa = PBXBuildFile; fileRef = 27EDB7FE1B9A17BA00BE21BF /* EnableServiceController.swift */; };
		27EDB8011B9A17BA00BE21BF /* EnableServiceController.swift in Sources */ = {isa = PBXBuildFile; fileRef = 27EDB7FE1B9A17BA00BE21BF /* EnableServiceController.swift */; };
		27EDB8031B9A193900BE21BF /* Vocalization.swift in Sources */ = {isa = PBXBuildFile; fileRef = 27EDB8021B9A193900BE21BF /* Vocalization.swift */; };
		27EDB8041B9A193900BE21BF /* Vocalization.swift in Sources */ = {isa = PBXBuildFile; fileRef = 27EDB8021B9A193900BE21BF /* Vocalization.swift */; };
		27EDB8051B9A193900BE21BF /* Vocalization.swift in Sources */ = {isa = PBXBuildFile; fileRef = 27EDB8021B9A193900BE21BF /* Vocalization.swift */; };
		27EDB8081B9A1CF400BE21BF /* Speech.swift in Sources */ = {isa = PBXBuildFile; fileRef = 27EDB8071B9A1CF400BE21BF /* Speech.swift */; };
		27EDB8091B9A1CF400BE21BF /* Speech.swift in Sources */ = {isa = PBXBuildFile; fileRef = 27EDB8071B9A1CF400BE21BF /* Speech.swift */; };
		27EDB80A1B9A1CF400BE21BF /* Speech.swift in Sources */ = {isa = PBXBuildFile; fileRef = 27EDB8071B9A1CF400BE21BF /* Speech.swift */; };
		B4F2CBF2C92EC82AD7D79706 /* Pods_Dictater.framework in Frameworks */ = {isa = PBXBuildFile; fileRef = 2C8BFCBCBE1D027EF12075A4 /* Pods_Dictater.framework */; };
/* End PBXBuildFile section */

/* Begin PBXContainerItemProxy section */
		272B76611B979D5A00712AA5 /* PBXContainerItemProxy */ = {
			isa = PBXContainerItemProxy;
			containerPortal = 272B76471B979D5900712AA5 /* Project object */;
			proxyType = 1;
			remoteGlobalIDString = 272B764E1B979D5900712AA5;
			remoteInfo = Dictater;
		};
		272B766C1B979D5A00712AA5 /* PBXContainerItemProxy */ = {
			isa = PBXContainerItemProxy;
			containerPortal = 272B76471B979D5900712AA5 /* Project object */;
			proxyType = 1;
			remoteGlobalIDString = 272B764E1B979D5900712AA5;
			remoteInfo = Dictater;
		};
/* End PBXContainerItemProxy section */

/* Begin PBXCopyFilesBuildPhase section */
		279379A61BACB8D300FFF21C /* CopyFiles */ = {
			isa = PBXCopyFilesBuildPhase;
			buildActionMask = 2147483647;
			dstPath = "";
			dstSubfolderSpec = 10;
			files = (
				279379A71BACB8DB00FFF21C /* Sparkle.framework in CopyFiles */,
			);
			runOnlyForDeploymentPostprocessing = 0;
		};
/* End PBXCopyFilesBuildPhase section */

/* Begin PBXFileReference section */
		2701F40C1BB889C200845078 /* TeleprompterWindowDelegate.swift */ = {isa = PBXFileReference; fileEncoding = 4; lastKnownFileType = sourcecode.swift; path = TeleprompterWindowDelegate.swift; sourceTree = "<group>"; };
		272B764F1B979D5900712AA5 /* Dictater.app */ = {isa = PBXFileReference; explicitFileType = wrapper.application; includeInIndex = 0; path = Dictater.app; sourceTree = BUILT_PRODUCTS_DIR; };
		272B76521B979D5900712AA5 /* AppDelegate.swift */ = {isa = PBXFileReference; lastKnownFileType = sourcecode.swift; path = AppDelegate.swift; sourceTree = "<group>"; };
		272B76541B979D5900712AA5 /* ViewController.swift */ = {isa = PBXFileReference; lastKnownFileType = sourcecode.swift; path = ViewController.swift; sourceTree = "<group>"; };
		272B76561B979D5900712AA5 /* Assets.xcassets */ = {isa = PBXFileReference; lastKnownFileType = folder.assetcatalog; path = Assets.xcassets; sourceTree = "<group>"; };
		272B765B1B979D5900712AA5 /* Info.plist */ = {isa = PBXFileReference; lastKnownFileType = text.plist.xml; path = Info.plist; sourceTree = "<group>"; };
		272B76601B979D5A00712AA5 /* DictaterTests.xctest */ = {isa = PBXFileReference; explicitFileType = wrapper.cfbundle; includeInIndex = 0; path = DictaterTests.xctest; sourceTree = BUILT_PRODUCTS_DIR; };
		272B76641B979D5A00712AA5 /* DictaterTests.swift */ = {isa = PBXFileReference; lastKnownFileType = sourcecode.swift; path = DictaterTests.swift; sourceTree = "<group>"; };
		272B76661B979D5A00712AA5 /* Info.plist */ = {isa = PBXFileReference; lastKnownFileType = text.plist.xml; path = Info.plist; sourceTree = "<group>"; };
		272B766B1B979D5A00712AA5 /* DictaterUITests.xctest */ = {isa = PBXFileReference; explicitFileType = wrapper.cfbundle; includeInIndex = 0; path = DictaterUITests.xctest; sourceTree = BUILT_PRODUCTS_DIR; };
		272B766F1B979D5A00712AA5 /* DictaterUITests.swift */ = {isa = PBXFileReference; lastKnownFileType = sourcecode.swift; path = DictaterUITests.swift; sourceTree = "<group>"; };
		272B76711B979D5A00712AA5 /* Info.plist */ = {isa = PBXFileReference; lastKnownFileType = text.plist.xml; path = Info.plist; sourceTree = "<group>"; };
		272B76811B979D7100712AA5 /* NSView+backgroundColor.swift */ = {isa = PBXFileReference; fileEncoding = 4; lastKnownFileType = sourcecode.swift; path = "NSView+backgroundColor.swift"; sourceTree = "<group>"; };
		272B768A1B979DD400712AA5 /* DictaterWindow.swift */ = {isa = PBXFileReference; fileEncoding = 4; lastKnownFileType = sourcecode.swift; path = DictaterWindow.swift; sourceTree = "<group>"; };
		272B76961B97AE3A00712AA5 /* Dictater.swift */ = {isa = PBXFileReference; fileEncoding = 4; lastKnownFileType = sourcecode.swift; name = Dictater.swift; path = ../Dictater.swift; sourceTree = "<group>"; };
		274039EB1B98FECA00D80E23 /* Application.swift */ = {isa = PBXFileReference; fileEncoding = 4; lastKnownFileType = sourcecode.swift; path = Application.swift; sourceTree = "<group>"; };
		274039ED1B99023F00D80E23 /* DictaterService.swift */ = {isa = PBXFileReference; fileEncoding = 4; lastKnownFileType = sourcecode.swift; path = DictaterService.swift; sourceTree = "<group>"; };
		274039EF1B9914A200D80E23 /* NSProgressIndicator+Animate.swift */ = {isa = PBXFileReference; fileEncoding = 4; lastKnownFileType = sourcecode.swift; path = "NSProgressIndicator+Animate.swift"; sourceTree = "<group>"; };
		276CD7E01BA8DC01008566D2 /* TeleprompterTextView.swift */ = {isa = PBXFileReference; fileEncoding = 4; lastKnownFileType = sourcecode.swift; path = TeleprompterTextView.swift; sourceTree = "<group>"; };
		2776B1131BA76AA70009D641 /* NSTextView.swift */ = {isa = PBXFileReference; fileEncoding = 4; lastKnownFileType = sourcecode.swift; path = NSTextView.swift; sourceTree = "<group>"; };
		279379A41BACB8B700FFF21C /* Sparkle.framework */ = {isa = PBXFileReference; lastKnownFileType = wrapper.framework; path = Sparkle.framework; sourceTree = "<group>"; };
		279379A81BACC1E100FFF21C /* dsa_pub.pem */ = {isa = PBXFileReference; fileEncoding = 4; lastKnownFileType = text; path = dsa_pub.pem; sourceTree = "<group>"; };
		2797D23E1B9A61BC0019D12D /* Main.storyboard */ = {isa = PBXFileReference; fileEncoding = 4; lastKnownFileType = file.storyboard; path = Main.storyboard; sourceTree = "<group>"; };
		2797D2401B9CCA7C0019D12D /* usage.png */ = {isa = PBXFileReference; lastKnownFileType = image.png; path = usage.png; sourceTree = "<group>"; };
		2797D2421B9CD90A0019D12D /* Teleprompter.swift */ = {isa = PBXFileReference; fileEncoding = 4; lastKnownFileType = sourcecode.swift; path = Teleprompter.swift; sourceTree = "<group>"; };
		27A31CA01B9E0F0B003293C7 /* TeleprompterPreferencesController.swift */ = {isa = PBXFileReference; fileEncoding = 4; lastKnownFileType = sourcecode.swift; path = TeleprompterPreferencesController.swift; sourceTree = "<group>"; };
		27B0D7F91C56F21A005C037F /* NSProgressBar+Extensions.swift */ = {isa = PBXFileReference; fileEncoding = 4; lastKnownFileType = sourcecode.swift; path = "NSProgressBar+Extensions.swift"; sourceTree = "<group>"; };
		27BD0DBE1BA3897400D13D45 /* SpeechButtonManager.swift */ = {isa = PBXFileReference; fileEncoding = 4; lastKnownFileType = sourcecode.swift; path = SpeechButtonManager.swift; sourceTree = "<group>"; };
		27D3DA5E1BA63552001AC20B /* logo_small.png */ = {isa = PBXFileReference; lastKnownFileType = image.png; path = logo_small.png; sourceTree = "<group>"; };
		27E170261BA3AF41003FFBCA /* Credits.rtf */ = {isa = PBXFileReference; fileEncoding = 4; lastKnownFileType = text.rtf; path = Credits.rtf; sourceTree = "<group>"; };
		27E75A0B1BB4C17B00421CB2 /* NSSpeechSynthesizer.swift */ = {isa = PBXFileReference; fileEncoding = 4; lastKnownFileType = sourcecode.swift; path = NSSpeechSynthesizer.swift; sourceTree = "<group>"; };
		27E75A0D1BB4C53C00421CB2 /* NSFileManager.swift */ = {isa = PBXFileReference; fileEncoding = 4; lastKnownFileType = sourcecode.swift; path = NSFileManager.swift; sourceTree = "<group>"; };
		27EDB7F61B9932CD00BE21BF /* FontAwesome.otf */ = {isa = PBXFileReference; lastKnownFileType = file; path = FontAwesome.otf; sourceTree = "<group>"; };
		27EDB7FA1B9A148500BE21BF /* instructions.png */ = {isa = PBXFileReference; lastKnownFileType = image.png; path = instructions.png; sourceTree = "<group>"; };
		27EDB7FE1B9A17BA00BE21BF /* EnableServiceController.swift */ = {isa = PBXFileReference; fileEncoding = 4; lastKnownFileType = sourcecode.swift; path = EnableServiceController.swift; sourceTree = "<group>"; };
		27EDB8021B9A193900BE21BF /* Vocalization.swift */ = {isa = PBXFileReference; fileEncoding = 4; lastKnownFileType = sourcecode.swift; path = Vocalization.swift; sourceTree = "<group>"; };
		27EDB8071B9A1CF400BE21BF /* Speech.swift */ = {isa = PBXFileReference; fileEncoding = 4; lastKnownFileType = sourcecode.swift; path = Speech.swift; sourceTree = "<group>"; };
		2C8BFCBCBE1D027EF12075A4 /* Pods_Dictater.framework */ = {isa = PBXFileReference; explicitFileType = wrapper.framework; includeInIndex = 0; path = Pods_Dictater.framework; sourceTree = BUILT_PRODUCTS_DIR; };
		311E99C2CE3696276AE0D215 /* Pods-Dictater.debug.xcconfig */ = {isa = PBXFileReference; includeInIndex = 1; lastKnownFileType = text.xcconfig; name = "Pods-Dictater.debug.xcconfig"; path = "Pods/Target Support Files/Pods-Dictater/Pods-Dictater.debug.xcconfig"; sourceTree = "<group>"; };
		87B17EDA9EB11151FD483436 /* Pods-Dictater.release.xcconfig */ = {isa = PBXFileReference; includeInIndex = 1; lastKnownFileType = text.xcconfig; name = "Pods-Dictater.release.xcconfig"; path = "Pods/Target Support Files/Pods-Dictater/Pods-Dictater.release.xcconfig"; sourceTree = "<group>"; };
/* End PBXFileReference section */

/* Begin PBXFrameworksBuildPhase section */
		272B764C1B979D5900712AA5 /* Frameworks */ = {
			isa = PBXFrameworksBuildPhase;
			buildActionMask = 2147483647;
			files = (
				279379A51BACB8B700FFF21C /* Sparkle.framework in Frameworks */,
				B4F2CBF2C92EC82AD7D79706 /* Pods_Dictater.framework in Frameworks */,
			);
			runOnlyForDeploymentPostprocessing = 0;
		};
		272B765D1B979D5A00712AA5 /* Frameworks */ = {
			isa = PBXFrameworksBuildPhase;
			buildActionMask = 2147483647;
			files = (
			);
			runOnlyForDeploymentPostprocessing = 0;
		};
		272B76681B979D5A00712AA5 /* Frameworks */ = {
			isa = PBXFrameworksBuildPhase;
			buildActionMask = 2147483647;
			files = (
			);
			runOnlyForDeploymentPostprocessing = 0;
		};
/* End PBXFrameworksBuildPhase section */

/* Begin PBXGroup section */
		272B76461B979D5900712AA5 = {
			isa = PBXGroup;
			children = (
				272B76511B979D5900712AA5 /* Dictater */,
				272B76631B979D5A00712AA5 /* DictaterTests */,
				272B766E1B979D5A00712AA5 /* DictaterUITests */,
				272B76501B979D5900712AA5 /* Products */,
				DC02CA0E01E7CE4FD7018D35 /* Pods */,
				B297430C4CFD86BD126F0460 /* Frameworks */,
			);
			sourceTree = "<group>";
		};
		272B76501B979D5900712AA5 /* Products */ = {
			isa = PBXGroup;
			children = (
				272B764F1B979D5900712AA5 /* Dictater.app */,
				272B76601B979D5A00712AA5 /* DictaterTests.xctest */,
				272B766B1B979D5A00712AA5 /* DictaterUITests.xctest */,
			);
			name = Products;
			sourceTree = "<group>";
		};
		272B76511B979D5900712AA5 /* Dictater */ = {
			isa = PBXGroup;
			children = (
				272B76961B97AE3A00712AA5 /* Dictater.swift */,
				2797D23C1B9A3E390019D12D /* Cocoa */,
				2797D2391B9A3DE20019D12D /* Speech */,
				2797D23B1B9A3E1F0019D12D /* UI */,
				2797D23A1B9A3DF30019D12D /* Extensions */,
				272B76561B979D5900712AA5 /* Assets.xcassets */,
				272B765B1B979D5900712AA5 /* Info.plist */,
				27E170261BA3AF41003FFBCA /* Credits.rtf */,
				274039F31B99195C00D80E23 /* Resources */,
			);
			path = Dictater;
			sourceTree = "<group>";
		};
		272B76631B979D5A00712AA5 /* DictaterTests */ = {
			isa = PBXGroup;
			children = (
				272B76641B979D5A00712AA5 /* DictaterTests.swift */,
				272B76661B979D5A00712AA5 /* Info.plist */,
			);
			path = DictaterTests;
			sourceTree = "<group>";
		};
		272B766E1B979D5A00712AA5 /* DictaterUITests */ = {
			isa = PBXGroup;
			children = (
				272B766F1B979D5A00712AA5 /* DictaterUITests.swift */,
				272B76711B979D5A00712AA5 /* Info.plist */,
			);
			path = DictaterUITests;
			sourceTree = "<group>";
		};
		274039F31B99195C00D80E23 /* Resources */ = {
			isa = PBXGroup;
			children = (
				279379A81BACC1E100FFF21C /* dsa_pub.pem */,
				279379A41BACB8B700FFF21C /* Sparkle.framework */,
				27D3DA5E1BA63552001AC20B /* logo_small.png */,
				2797D2401B9CCA7C0019D12D /* usage.png */,
				27EDB7FA1B9A148500BE21BF /* instructions.png */,
				27EDB7F61B9932CD00BE21BF /* FontAwesome.otf */,
			);
			name = Resources;
			sourceTree = "<group>";
		};
		276CD7E21BA8DC3F008566D2 /* Teleprompter */ = {
			isa = PBXGroup;
			children = (
				2797D2421B9CD90A0019D12D /* Teleprompter.swift */,
				27A31CA01B9E0F0B003293C7 /* TeleprompterPreferencesController.swift */,
				276CD7E01BA8DC01008566D2 /* TeleprompterTextView.swift */,
				2701F40C1BB889C200845078 /* TeleprompterWindowDelegate.swift */,
			);
			name = Teleprompter;
			sourceTree = "<group>";
		};
		2797D2391B9A3DE20019D12D /* Speech */ = {
			isa = PBXGroup;
			children = (
				27EDB8071B9A1CF400BE21BF /* Speech.swift */,
				27EDB8021B9A193900BE21BF /* Vocalization.swift */,
			);
			name = Speech;
			sourceTree = "<group>";
		};
		2797D23A1B9A3DF30019D12D /* Extensions */ = {
			isa = PBXGroup;
			children = (
				274039EF1B9914A200D80E23 /* NSProgressIndicator+Animate.swift */,
				272B76811B979D7100712AA5 /* NSView+backgroundColor.swift */,
				27E75A0B1BB4C17B00421CB2 /* NSSpeechSynthesizer.swift */,
				27E75A0D1BB4C53C00421CB2 /* NSFileManager.swift */,
				2776B1131BA76AA70009D641 /* NSTextView.swift */,
			);
			name = Extensions;
			sourceTree = "<group>";
		};
		2797D23B1B9A3E1F0019D12D /* UI */ = {
			isa = PBXGroup;
			children = (
				2797D23E1B9A61BC0019D12D /* Main.storyboard */,
				272B76541B979D5900712AA5 /* ViewController.swift */,
				27B0D7F91C56F21A005C037F /* NSProgressBar+Extensions.swift */,
				272B768A1B979DD400712AA5 /* DictaterWindow.swift */,
				27EDB7FE1B9A17BA00BE21BF /* EnableServiceController.swift */,
				27BD0DBE1BA3897400D13D45 /* SpeechButtonManager.swift */,
				276CD7E21BA8DC3F008566D2 /* Teleprompter */,
			);
			name = UI;
			sourceTree = "<group>";
		};
		2797D23C1B9A3E390019D12D /* Cocoa */ = {
			isa = PBXGroup;
			children = (
				272B76521B979D5900712AA5 /* AppDelegate.swift */,
				274039EB1B98FECA00D80E23 /* Application.swift */,
				274039ED1B99023F00D80E23 /* DictaterService.swift */,
			);
			name = Cocoa;
			sourceTree = "<group>";
		};
		B297430C4CFD86BD126F0460 /* Frameworks */ = {
			isa = PBXGroup;
			children = (
				2C8BFCBCBE1D027EF12075A4 /* Pods_Dictater.framework */,
			);
			name = Frameworks;
			sourceTree = "<group>";
		};
		DC02CA0E01E7CE4FD7018D35 /* Pods */ = {
			isa = PBXGroup;
			children = (
				311E99C2CE3696276AE0D215 /* Pods-Dictater.debug.xcconfig */,
				87B17EDA9EB11151FD483436 /* Pods-Dictater.release.xcconfig */,
			);
			name = Pods;
			sourceTree = "<group>";
		};
/* End PBXGroup section */

/* Begin PBXNativeTarget section */
		272B764E1B979D5900712AA5 /* Dictater */ = {
			isa = PBXNativeTarget;
			buildConfigurationList = 272B76741B979D5A00712AA5 /* Build configuration list for PBXNativeTarget "Dictater" */;
			buildPhases = (
				F28FACF5168B48B7ACE54980 /* Check Pods Manifest.lock */,
				272B764B1B979D5900712AA5 /* Sources */,
				272B764C1B979D5900712AA5 /* Frameworks */,
				272B764D1B979D5900712AA5 /* Resources */,
				279379A61BACB8D300FFF21C /* CopyFiles */,
				84C1C55B07EEECD2362DD6D2 /* Embed Pods Frameworks */,
				637D6377BFB0CA69C32B8B23 /* Copy Pods Resources */,
			);
			buildRules = (
			);
			dependencies = (
			);
			name = Dictater;
			productName = Dictater;
			productReference = 272B764F1B979D5900712AA5 /* Dictater.app */;
			productType = "com.apple.product-type.application";
		};
		272B765F1B979D5A00712AA5 /* DictaterTests */ = {
			isa = PBXNativeTarget;
			buildConfigurationList = 272B76771B979D5A00712AA5 /* Build configuration list for PBXNativeTarget "DictaterTests" */;
			buildPhases = (
				272B765C1B979D5A00712AA5 /* Sources */,
				272B765D1B979D5A00712AA5 /* Frameworks */,
				272B765E1B979D5A00712AA5 /* Resources */,
			);
			buildRules = (
			);
			dependencies = (
				272B76621B979D5A00712AA5 /* PBXTargetDependency */,
			);
			name = DictaterTests;
			productName = DictaterTests;
			productReference = 272B76601B979D5A00712AA5 /* DictaterTests.xctest */;
			productType = "com.apple.product-type.bundle.unit-test";
		};
		272B766A1B979D5A00712AA5 /* DictaterUITests */ = {
			isa = PBXNativeTarget;
			buildConfigurationList = 272B767A1B979D5A00712AA5 /* Build configuration list for PBXNativeTarget "DictaterUITests" */;
			buildPhases = (
				272B76671B979D5A00712AA5 /* Sources */,
				272B76681B979D5A00712AA5 /* Frameworks */,
				272B76691B979D5A00712AA5 /* Resources */,
			);
			buildRules = (
			);
			dependencies = (
				272B766D1B979D5A00712AA5 /* PBXTargetDependency */,
			);
			name = DictaterUITests;
			productName = DictaterUITests;
			productReference = 272B766B1B979D5A00712AA5 /* DictaterUITests.xctest */;
			productType = "com.apple.product-type.bundle.ui-testing";
		};
/* End PBXNativeTarget section */

/* Begin PBXProject section */
		272B76471B979D5900712AA5 /* Project object */ = {
			isa = PBXProject;
			attributes = {
				LastUpgradeCheck = 0700;
				ORGANIZATIONNAME = "Kyle Carson";
				TargetAttributes = {
					272B764E1B979D5900712AA5 = {
						CreatedOnToolsVersion = 7.0;
					};
					272B765F1B979D5A00712AA5 = {
						CreatedOnToolsVersion = 7.0;
						TestTargetID = 272B764E1B979D5900712AA5;
					};
					272B766A1B979D5A00712AA5 = {
						CreatedOnToolsVersion = 7.0;
						TestTargetID = 272B764E1B979D5900712AA5;
					};
				};
			};
			buildConfigurationList = 272B764A1B979D5900712AA5 /* Build configuration list for PBXProject "Dictater" */;
			compatibilityVersion = "Xcode 3.2";
			developmentRegion = English;
			hasScannedForEncodings = 0;
			knownRegions = (
				en,
				Base,
			);
			mainGroup = 272B76461B979D5900712AA5;
			productRefGroup = 272B76501B979D5900712AA5 /* Products */;
			projectDirPath = "";
			projectRoot = "";
			targets = (
				272B764E1B979D5900712AA5 /* Dictater */,
				272B765F1B979D5A00712AA5 /* DictaterTests */,
				272B766A1B979D5A00712AA5 /* DictaterUITests */,
			);
		};
/* End PBXProject section */

/* Begin PBXResourcesBuildPhase section */
		272B764D1B979D5900712AA5 /* Resources */ = {
			isa = PBXResourcesBuildPhase;
			buildActionMask = 2147483647;
			files = (
				27D3DA5F1BA63552001AC20B /* logo_small.png in Resources */,
				279379A91BACC1E100FFF21C /* dsa_pub.pem in Resources */,
				27EDB7FB1B9A148500BE21BF /* instructions.png in Resources */,
				27E170271BA3AF41003FFBCA /* Credits.rtf in Resources */,
				272B76571B979D5900712AA5 /* Assets.xcassets in Resources */,
				27EDB7F71B9932CD00BE21BF /* FontAwesome.otf in Resources */,
				2797D2411B9CCA7C0019D12D /* usage.png in Resources */,
				2797D23F1B9A61BC0019D12D /* Main.storyboard in Resources */,
			);
			runOnlyForDeploymentPostprocessing = 0;
		};
		272B765E1B979D5A00712AA5 /* Resources */ = {
			isa = PBXResourcesBuildPhase;
			buildActionMask = 2147483647;
			files = (
				27EDB7F81B9932CD00BE21BF /* FontAwesome.otf in Resources */,
				27EDB7FC1B9A148500BE21BF /* instructions.png in Resources */,
				27D3DA601BA63552001AC20B /* logo_small.png in Resources */,
			);
			runOnlyForDeploymentPostprocessing = 0;
		};
		272B76691B979D5A00712AA5 /* Resources */ = {
			isa = PBXResourcesBuildPhase;
			buildActionMask = 2147483647;
			files = (
				27EDB7F91B9932CD00BE21BF /* FontAwesome.otf in Resources */,
				27EDB7FD1B9A148500BE21BF /* instructions.png in Resources */,
				27D3DA611BA63552001AC20B /* logo_small.png in Resources */,
			);
			runOnlyForDeploymentPostprocessing = 0;
		};
/* End PBXResourcesBuildPhase section */

/* Begin PBXShellScriptBuildPhase section */
		637D6377BFB0CA69C32B8B23 /* Copy Pods Resources */ = {
			isa = PBXShellScriptBuildPhase;
			buildActionMask = 2147483647;
			files = (
			);
			inputPaths = (
			);
			name = "Copy Pods Resources";
			outputPaths = (
			);
			runOnlyForDeploymentPostprocessing = 0;
			shellPath = /bin/sh;
			shellScript = "\"${SRCROOT}/Pods/Target Support Files/Pods-Dictater/Pods-Dictater-resources.sh\"\n";
			showEnvVarsInLog = 0;
		};
		84C1C55B07EEECD2362DD6D2 /* Embed Pods Frameworks */ = {
			isa = PBXShellScriptBuildPhase;
			buildActionMask = 2147483647;
			files = (
			);
			inputPaths = (
			);
			name = "Embed Pods Frameworks";
			outputPaths = (
			);
			runOnlyForDeploymentPostprocessing = 0;
			shellPath = /bin/sh;
			shellScript = "\"${SRCROOT}/Pods/Target Support Files/Pods-Dictater/Pods-Dictater-frameworks.sh\"\n";
			showEnvVarsInLog = 0;
		};
		F28FACF5168B48B7ACE54980 /* Check Pods Manifest.lock */ = {
			isa = PBXShellScriptBuildPhase;
			buildActionMask = 2147483647;
			files = (
			);
			inputPaths = (
			);
			name = "Check Pods Manifest.lock";
			outputPaths = (
			);
			runOnlyForDeploymentPostprocessing = 0;
			shellPath = /bin/sh;
			shellScript = "diff \"${PODS_ROOT}/../Podfile.lock\" \"${PODS_ROOT}/Manifest.lock\" > /dev/null\nif [[ $? != 0 ]] ; then\n    cat << EOM\nerror: The sandbox is not in sync with the Podfile.lock. Run 'pod install' or update your CocoaPods installation.\nEOM\n    exit 1\nfi\n";
			showEnvVarsInLog = 0;
		};
/* End PBXShellScriptBuildPhase section */

/* Begin PBXSourcesBuildPhase section */
		272B764B1B979D5900712AA5 /* Sources */ = {
			isa = PBXSourcesBuildPhase;
			buildActionMask = 2147483647;
			files = (
				27E75A0E1BB4C53C00421CB2 /* NSFileManager.swift in Sources */,
				272B76551B979D5900712AA5 /* ViewController.swift in Sources */,
				274039EE1B99023F00D80E23 /* DictaterService.swift in Sources */,
				276CD7E11BA8DC01008566D2 /* TeleprompterTextView.swift in Sources */,
				274039EC1B98FECA00D80E23 /* Application.swift in Sources */,
				2701F40D1BB889C200845078 /* TeleprompterWindowDelegate.swift in Sources */,
				272B76971B97AE3A00712AA5 /* Dictater.swift in Sources */,
				27B0D7FA1C56F21A005C037F /* NSProgressBar+Extensions.swift in Sources */,
				27E75A0C1BB4C17B00421CB2 /* NSSpeechSynthesizer.swift in Sources */,
				2797D2431B9CD90A0019D12D /* Teleprompter.swift in Sources */,
				27EDB8081B9A1CF400BE21BF /* Speech.swift in Sources */,
				272B76821B979D7100712AA5 /* NSView+backgroundColor.swift in Sources */,
				272B768B1B979DD400712AA5 /* DictaterWindow.swift in Sources */,
				27BD0DBF1BA3897400D13D45 /* SpeechButtonManager.swift in Sources */,
				27EDB7FF1B9A17BA00BE21BF /* EnableServiceController.swift in Sources */,
				272B76531B979D5900712AA5 /* AppDelegate.swift in Sources */,
				2776B1141BA76AA70009D641 /* NSTextView.swift in Sources */,
				274039F01B9914A200D80E23 /* NSProgressIndicator+Animate.swift in Sources */,
				27EDB8031B9A193900BE21BF /* Vocalization.swift in Sources */,
				27A31CA11B9E0F0B003293C7 /* TeleprompterPreferencesController.swift in Sources */,
			);
			runOnlyForDeploymentPostprocessing = 0;
		};
		272B765C1B979D5A00712AA5 /* Sources */ = {
			isa = PBXSourcesBuildPhase;
			buildActionMask = 2147483647;
			files = (
				27EDB8091B9A1CF400BE21BF /* Speech.swift in Sources */,
				27EDB8001B9A17BA00BE21BF /* EnableServiceController.swift in Sources */,
				27A7D4801BB4C73B0026BCD5 /* NSTextView.swift in Sources */,
				272B76651B979D5A00712AA5 /* DictaterTests.swift in Sources */,
				27A7D4811BB4C73E0026BCD5 /* NSFileManager.swift in Sources */,
				272B768C1B979DD400712AA5 /* DictaterWindow.swift in Sources */,
				2701F40E1BB88C9C00845078 /* TeleprompterWindowDelegate.swift in Sources */,
				27EDB8041B9A193900BE21BF /* Vocalization.swift in Sources */,
				27A7D47D1BB4C6B00026BCD5 /* NSSpeechSynthesizer.swift in Sources */,
				27A7D4831BB4C7430026BCD5 /* NSProgressIndicator+Animate.swift in Sources */,
				272B76981B97AE3A00712AA5 /* Dictater.swift in Sources */,
				272B76831B979D7100712AA5 /* NSView+backgroundColor.swift in Sources */,
			);
			runOnlyForDeploymentPostprocessing = 0;
		};
		272B76671B979D5A00712AA5 /* Sources */ = {
			isa = PBXSourcesBuildPhase;
			buildActionMask = 2147483647;
			files = (
				27EDB80A1B9A1CF400BE21BF /* Speech.swift in Sources */,
				27EDB8011B9A17BA00BE21BF /* EnableServiceController.swift in Sources */,
				27A7D47F1BB4C73B0026BCD5 /* NSTextView.swift in Sources */,
				272B76701B979D5A00712AA5 /* DictaterUITests.swift in Sources */,
				27A7D4821BB4C73E0026BCD5 /* NSFileManager.swift in Sources */,
				272B768D1B979DD400712AA5 /* DictaterWindow.swift in Sources */,
				2701F40F1BB88C9D00845078 /* TeleprompterWindowDelegate.swift in Sources */,
				27EDB8051B9A193900BE21BF /* Vocalization.swift in Sources */,
				27A7D47E1BB4C6B00026BCD5 /* NSSpeechSynthesizer.swift in Sources */,
				27A7D4841BB4C7430026BCD5 /* NSProgressIndicator+Animate.swift in Sources */,
				272B76991B97AE3A00712AA5 /* Dictater.swift in Sources */,
				272B76841B979D7100712AA5 /* NSView+backgroundColor.swift in Sources */,
			);
			runOnlyForDeploymentPostprocessing = 0;
		};
/* End PBXSourcesBuildPhase section */

/* Begin PBXTargetDependency section */
		272B76621B979D5A00712AA5 /* PBXTargetDependency */ = {
			isa = PBXTargetDependency;
			target = 272B764E1B979D5900712AA5 /* Dictater */;
			targetProxy = 272B76611B979D5A00712AA5 /* PBXContainerItemProxy */;
		};
		272B766D1B979D5A00712AA5 /* PBXTargetDependency */ = {
			isa = PBXTargetDependency;
			target = 272B764E1B979D5900712AA5 /* Dictater */;
			targetProxy = 272B766C1B979D5A00712AA5 /* PBXContainerItemProxy */;
		};
/* End PBXTargetDependency section */

/* Begin XCBuildConfiguration section */
		272B76721B979D5A00712AA5 /* Debug */ = {
			isa = XCBuildConfiguration;
			buildSettings = {
				ALWAYS_SEARCH_USER_PATHS = NO;
				CLANG_CXX_LANGUAGE_STANDARD = "gnu++0x";
				CLANG_CXX_LIBRARY = "libc++";
				CLANG_ENABLE_MODULES = YES;
				CLANG_ENABLE_OBJC_ARC = YES;
				CLANG_WARN_BOOL_CONVERSION = YES;
				CLANG_WARN_CONSTANT_CONVERSION = YES;
				CLANG_WARN_DIRECT_OBJC_ISA_USAGE = YES_ERROR;
				CLANG_WARN_EMPTY_BODY = YES;
				CLANG_WARN_ENUM_CONVERSION = YES;
				CLANG_WARN_INT_CONVERSION = YES;
				CLANG_WARN_OBJC_ROOT_CLASS = YES_ERROR;
				CLANG_WARN_UNREACHABLE_CODE = YES;
				CLANG_WARN__DUPLICATE_METHOD_MATCH = YES;
				CODE_SIGN_IDENTITY = "-";
				COPY_PHASE_STRIP = NO;
				DEBUG_INFORMATION_FORMAT = dwarf;
				ENABLE_STRICT_OBJC_MSGSEND = YES;
				ENABLE_TESTABILITY = YES;
				GCC_C_LANGUAGE_STANDARD = gnu99;
				GCC_DYNAMIC_NO_PIC = NO;
				GCC_NO_COMMON_BLOCKS = YES;
				GCC_OPTIMIZATION_LEVEL = 0;
				GCC_PREPROCESSOR_DEFINITIONS = (
					"DEBUG=1",
					"$(inherited)",
				);
				GCC_WARN_64_TO_32_BIT_CONVERSION = YES;
				GCC_WARN_ABOUT_RETURN_TYPE = YES_ERROR;
				GCC_WARN_UNDECLARED_SELECTOR = YES;
				GCC_WARN_UNINITIALIZED_AUTOS = YES_AGGRESSIVE;
				GCC_WARN_UNUSED_FUNCTION = YES;
				GCC_WARN_UNUSED_VARIABLE = YES;
				MACOSX_DEPLOYMENT_TARGET = 10.10;
				MTL_ENABLE_DEBUG_INFO = YES;
				ONLY_ACTIVE_ARCH = YES;
				SDKROOT = macosx;
				SWIFT_OPTIMIZATION_LEVEL = "-Onone";
			};
			name = Debug;
		};
		272B76731B979D5A00712AA5 /* Release */ = {
			isa = XCBuildConfiguration;
			buildSettings = {
				ALWAYS_SEARCH_USER_PATHS = NO;
				CLANG_CXX_LANGUAGE_STANDARD = "gnu++0x";
				CLANG_CXX_LIBRARY = "libc++";
				CLANG_ENABLE_MODULES = YES;
				CLANG_ENABLE_OBJC_ARC = YES;
				CLANG_WARN_BOOL_CONVERSION = YES;
				CLANG_WARN_CONSTANT_CONVERSION = YES;
				CLANG_WARN_DIRECT_OBJC_ISA_USAGE = YES_ERROR;
				CLANG_WARN_EMPTY_BODY = YES;
				CLANG_WARN_ENUM_CONVERSION = YES;
				CLANG_WARN_INT_CONVERSION = YES;
				CLANG_WARN_OBJC_ROOT_CLASS = YES_ERROR;
				CLANG_WARN_UNREACHABLE_CODE = YES;
				CLANG_WARN__DUPLICATE_METHOD_MATCH = YES;
				CODE_SIGN_IDENTITY = "-";
				COPY_PHASE_STRIP = NO;
				DEBUG_INFORMATION_FORMAT = "dwarf-with-dsym";
				ENABLE_NS_ASSERTIONS = NO;
				ENABLE_STRICT_OBJC_MSGSEND = YES;
				GCC_C_LANGUAGE_STANDARD = gnu99;
				GCC_NO_COMMON_BLOCKS = YES;
				GCC_WARN_64_TO_32_BIT_CONVERSION = YES;
				GCC_WARN_ABOUT_RETURN_TYPE = YES_ERROR;
				GCC_WARN_UNDECLARED_SELECTOR = YES;
				GCC_WARN_UNINITIALIZED_AUTOS = YES_AGGRESSIVE;
				GCC_WARN_UNUSED_FUNCTION = YES;
				GCC_WARN_UNUSED_VARIABLE = YES;
				MACOSX_DEPLOYMENT_TARGET = 10.10;
				MTL_ENABLE_DEBUG_INFO = NO;
				SDKROOT = macosx;
			};
			name = Release;
		};
		272B76751B979D5A00712AA5 /* Debug */ = {
			isa = XCBuildConfiguration;
			baseConfigurationReference = 311E99C2CE3696276AE0D215 /* Pods-Dictater.debug.xcconfig */;
			buildSettings = {
				ASSETCATALOG_COMPILER_APPICON_NAME = AppIcon;
				COMBINE_HIDPI_IMAGES = YES;
				FRAMEWORK_SEARCH_PATHS = (
					"$(inherited)",
					"$(PROJECT_DIR)/Dictater",
				);
				INFOPLIST_FILE = Dictater/Info.plist;
				LD_RUNPATH_SEARCH_PATHS = "$(inherited) @executable_path/../Frameworks";
				OTHER_LDFLAGS = (
					"$(inherited)",
					"-framework",
					"\"ProgressKit\"",
					"-Wl,-rpath,@loader_path/../Frameworks",
				);
				PRODUCT_BUNDLE_IDENTIFIER = com.kyleacarson.Dictater;
				PRODUCT_NAME = "$(TARGET_NAME)";
			};
			name = Debug;
		};
		272B76761B979D5A00712AA5 /* Release */ = {
			isa = XCBuildConfiguration;
			baseConfigurationReference = 87B17EDA9EB11151FD483436 /* Pods-Dictater.release.xcconfig */;
			buildSettings = {
				ASSETCATALOG_COMPILER_APPICON_NAME = AppIcon;
				COMBINE_HIDPI_IMAGES = YES;
				FRAMEWORK_SEARCH_PATHS = (
					"$(inherited)",
					"$(PROJECT_DIR)/Dictater",
				);
				INFOPLIST_FILE = Dictater/Info.plist;
				LD_RUNPATH_SEARCH_PATHS = "$(inherited) @executable_path/../Frameworks";
				OTHER_LDFLAGS = (
					"$(inherited)",
					"-framework",
					"\"ProgressKit\"",
					"-Wl,-rpath,@loader_path/../Frameworks",
				);
				PRODUCT_BUNDLE_IDENTIFIER = com.kyleacarson.Dictater;
				PRODUCT_NAME = "$(TARGET_NAME)";
			};
			name = Release;
		};
		272B76781B979D5A00712AA5 /* Debug */ = {
			isa = XCBuildConfiguration;
			buildSettings = {
				BUNDLE_LOADER = "$(TEST_HOST)";
				COMBINE_HIDPI_IMAGES = YES;
				INFOPLIST_FILE = DictaterTests/Info.plist;
				LD_RUNPATH_SEARCH_PATHS = "$(inherited) @executable_path/../Frameworks @loader_path/../Frameworks";
				PRODUCT_BUNDLE_IDENTIFIER = com.kyleacarson.DictaterTests;
				PRODUCT_NAME = "$(TARGET_NAME)";
				TEST_HOST = "$(BUILT_PRODUCTS_DIR)/Dictater.app/Contents/MacOS/Dictater";
			};
			name = Debug;
		};
		272B76791B979D5A00712AA5 /* Release */ = {
			isa = XCBuildConfiguration;
			buildSettings = {
				BUNDLE_LOADER = "$(TEST_HOST)";
				COMBINE_HIDPI_IMAGES = YES;
				INFOPLIST_FILE = DictaterTests/Info.plist;
				LD_RUNPATH_SEARCH_PATHS = "$(inherited) @executable_path/../Frameworks @loader_path/../Frameworks";
				PRODUCT_BUNDLE_IDENTIFIER = com.kyleacarson.DictaterTests;
				PRODUCT_NAME = "$(TARGET_NAME)";
				TEST_HOST = "$(BUILT_PRODUCTS_DIR)/Dictater.app/Contents/MacOS/Dictater";
			};
			name = Release;
		};
		272B767B1B979D5A00712AA5 /* Debug */ = {
			isa = XCBuildConfiguration;
			buildSettings = {
				COMBINE_HIDPI_IMAGES = YES;
				INFOPLIST_FILE = DictaterUITests/Info.plist;
				LD_RUNPATH_SEARCH_PATHS = "$(inherited) @executable_path/../Frameworks @loader_path/../Frameworks";
				PRODUCT_BUNDLE_IDENTIFIER = com.kyleacarson.DictaterUITests;
				PRODUCT_NAME = "$(TARGET_NAME)";
				TEST_TARGET_NAME = Dictater;
				USES_XCTRUNNER = YES;
			};
			name = Debug;
		};
		272B767C1B979D5A00712AA5 /* Release */ = {
			isa = XCBuildConfiguration;
			buildSettings = {
				COMBINE_HIDPI_IMAGES = YES;
				INFOPLIST_FILE = DictaterUITests/Info.plist;
				LD_RUNPATH_SEARCH_PATHS = "$(inherited) @executable_path/../Frameworks @loader_path/../Frameworks";
				PRODUCT_BUNDLE_IDENTIFIER = com.kyleacarson.DictaterUITests;
				PRODUCT_NAME = "$(TARGET_NAME)";
				TEST_TARGET_NAME = Dictater;
				USES_XCTRUNNER = YES;
			};
			name = Release;
		};
/* End XCBuildConfiguration section */

/* Begin XCConfigurationList section */
		272B764A1B979D5900712AA5 /* Build configuration list for PBXProject "Dictater" */ = {
			isa = XCConfigurationList;
			buildConfigurations = (
				272B76721B979D5A00712AA5 /* Debug */,
				272B76731B979D5A00712AA5 /* Release */,
			);
			defaultConfigurationIsVisible = 0;
			defaultConfigurationName = Release;
		};
		272B76741B979D5A00712AA5 /* Build configuration list for PBXNativeTarget "Dictater" */ = {
			isa = XCConfigurationList;
			buildConfigurations = (
				272B76751B979D5A00712AA5 /* Debug */,
				272B76761B979D5A00712AA5 /* Release */,
			);
			defaultConfigurationIsVisible = 0;
			defaultConfigurationName = Release;
		};
		272B76771B979D5A00712AA5 /* Build configuration list for PBXNativeTarget "DictaterTests" */ = {
			isa = XCConfigurationList;
			buildConfigurations = (
				272B76781B979D5A00712AA5 /* Debug */,
				272B76791B979D5A00712AA5 /* Release */,
			);
			defaultConfigurationIsVisible = 0;
			defaultConfigurationName = Release;
		};
		272B767A1B979D5A00712AA5 /* Build configuration list for PBXNativeTarget "DictaterUITests" */ = {
			isa = XCConfigurationList;
			buildConfigurations = (
				272B767B1B979D5A00712AA5 /* Debug */,
				272B767C1B979D5A00712AA5 /* Release */,
			);
			defaultConfigurationIsVisible = 0;
			defaultConfigurationName = Release;
		};
/* End XCConfigurationList section */
	};
	rootObject = 272B76471B979D5900712AA5 /* Project object */;
}
